
Microsoft Visual Studio Solution File, Format Version 12.00
# Visual Studio Version 17
VisualStudioVersion = 17.9.34701.34
MinimumVisualStudioVersion = 10.0.40219.1
Project("{FAE04EC0-301F-11D3-BF4B-00C04F79EFBC}") = "TextEnconder", "TextEnconder\TextEnconder.csproj", "{BE82B707-1CDA-4847-BE76-CEBDA75D7270}"
EndProject
Global
	GlobalSection(SolutionConfigurationPlatforms) = preSolution
		Debug|Any CPU = Debug|Any CPU
		Release|Any CPU = Release|Any CPU
	EndGlobalSection
	GlobalSection(ProjectConfigurationPlatforms) = postSolution
		{BE82B707-1CDA-4847-BE76-CEBDA75D7270}.Debug|Any CPU.ActiveCfg = Debug|Any CPU
		{BE82B707-1CDA-4847-BE76-CEBDA75D7270}.Debug|Any CPU.Build.0 = Debug|Any CPU
		{BE82B707-1CDA-4847-BE76-CEBDA75D7270}.Release|Any CPU.ActiveCfg = Release|Any CPU
		{BE82B707-1CDA-4847-BE76-CEBDA75D7270}.Release|Any CPU.Build.0 = Release|Any CPU
	EndGlobalSection
	GlobalSection(SolutionProperties) = preSolution
		HideSolutionNode = FALSE
	EndGlobalSection
	GlobalSection(ExtensibilityGlobals) = postSolution
		SolutionGuid = {0E1EFFB2-7FCE-4DF8-86BF-626FC764CD4E}
	EndGlobalSection
EndGlobal
